// !$*UTF8*$!
{
	archiveVersion = 1;
	classes = {
	};
	objectVersion = 56;
	objects = {

/* Begin PBXBuildFile section */
		812743B52A68932B008484A2 /* LetterGridView.swift in Sources */ = {isa = PBXBuildFile; fileRef = 812743B42A68932B008484A2 /* LetterGridView.swift */; };
		812743BA2A689430008484A2 /* LetterView.swift in Sources */ = {isa = PBXBuildFile; fileRef = 812743B92A689430008484A2 /* LetterView.swift */; };
		812743BC2A689583008484A2 /* WS-ViewModifier-Fonts.swift in Sources */ = {isa = PBXBuildFile; fileRef = 812743BB2A689583008484A2 /* WS-ViewModifier-Fonts.swift */; };
		812743BE2A689A20008484A2 /* BoggleView.swift in Sources */ = {isa = PBXBuildFile; fileRef = 812743BD2A689A20008484A2 /* BoggleView.swift */; };
		812743C02A689AC8008484A2 /* Player.swift in Sources */ = {isa = PBXBuildFile; fileRef = 812743BF2A689AC8008484A2 /* Player.swift */; };
		812743C22A689CE8008484A2 /* GameBrain.swift in Sources */ = {isa = PBXBuildFile; fileRef = 812743C12A689CE8008484A2 /* GameBrain.swift */; };
		8130686B2A66E12C002E6495 /* Category.swift in Sources */ = {isa = PBXBuildFile; fileRef = 8130686A2A66E12C002E6495 /* Category.swift */; };
		8130686E2A66E349002E6495 /* Word.swift in Sources */ = {isa = PBXBuildFile; fileRef = 8130686D2A66E349002E6495 /* Word.swift */; };
		813068702A66E69E002E6495 /* Answer.swift in Sources */ = {isa = PBXBuildFile; fileRef = 8130686F2A66E69E002E6495 /* Answer.swift */; };
		813068722A66E73E002E6495 /* Segment.swift in Sources */ = {isa = PBXBuildFile; fileRef = 813068712A66E73E002E6495 /* Segment.swift */; };
		813068752A66E8B2002E6495 /* LevelViewModel.swift in Sources */ = {isa = PBXBuildFile; fileRef = 813068742A66E8B2002E6495 /* LevelViewModel.swift */; };
		813068782A66F609002E6495 /* Monoton-Regular.ttf in Resources */ = {isa = PBXBuildFile; fileRef = 813068772A66F609002E6495 /* Monoton-Regular.ttf */; };
		8130687E2A6711C9002E6495 /* SwiftyWordsView.swift in Sources */ = {isa = PBXBuildFile; fileRef = 8130687D2A6711C9002E6495 /* SwiftyWordsView.swift */; };
		813068802A67184F002E6495 /* SegmentView.swift in Sources */ = {isa = PBXBuildFile; fileRef = 8130687F2A67184F002E6495 /* SegmentView.swift */; };
		813068822A671A34002E6495 /* SwiftyGuessText.swift in Sources */ = {isa = PBXBuildFile; fileRef = 813068812A671A34002E6495 /* SwiftyGuessText.swift */; };
		813068842A671C88002E6495 /* LevelsView.swift in Sources */ = {isa = PBXBuildFile; fileRef = 813068832A671C88002E6495 /* LevelsView.swift */; };
		813068872A671E3C002E6495 /* CategoriesView.swift in Sources */ = {isa = PBXBuildFile; fileRef = 813068862A671E3C002E6495 /* CategoriesView.swift */; };
		813A82F62A61F77B0023066F /* Bundle-Decodable.swift in Sources */ = {isa = PBXBuildFile; fileRef = 813A82DF2A61F77B0023066F /* Bundle-Decodable.swift */; };
		813A82F72A61F77B0023066F /* Categories.json in Resources */ = {isa = PBXBuildFile; fileRef = 813A82E12A61F77B0023066F /* Categories.json */; };
		813A82F82A61F77B0023066F /* Music.json in Resources */ = {isa = PBXBuildFile; fileRef = 813A82E22A61F77B0023066F /* Music.json */; };
		813A82F92A61F77B0023066F /* Hobbies.json in Resources */ = {isa = PBXBuildFile; fileRef = 813A82E32A61F77B0023066F /* Hobbies.json */; };
		813A82FA2A61F77B0023066F /* Plants.json in Resources */ = {isa = PBXBuildFile; fileRef = 813A82E42A61F77B0023066F /* Plants.json */; };
		813A82FB2A61F77B0023066F /* VideoGames.json in Resources */ = {isa = PBXBuildFile; fileRef = 813A82E52A61F77B0023066F /* VideoGames.json */; };
		813A82FC2A61F77B0023066F /* Places.json in Resources */ = {isa = PBXBuildFile; fileRef = 813A82E62A61F77B0023066F /* Places.json */; };
		813A82FD2A61F77B0023066F /* Random.json in Resources */ = {isa = PBXBuildFile; fileRef = 813A82E72A61F77B0023066F /* Random.json */; };
		813A82FE2A61F77B0023066F /* SciFiFantasy.json in Resources */ = {isa = PBXBuildFile; fileRef = 813A82E82A61F77B0023066F /* SciFiFantasy.json */; };
		813A82FF2A61F77B0023066F /* Weather.json in Resources */ = {isa = PBXBuildFile; fileRef = 813A82E92A61F77B0023066F /* Weather.json */; };
		813A83002A61F77B0023066F /* Animals.json in Resources */ = {isa = PBXBuildFile; fileRef = 813A82EA2A61F77B0023066F /* Animals.json */; };
		813A83012A61F77B0023066F /* MoviesAndTV.json in Resources */ = {isa = PBXBuildFile; fileRef = 813A82EB2A61F77B0023066F /* MoviesAndTV.json */; };
		813A83022A61F77B0023066F /* Sports.json in Resources */ = {isa = PBXBuildFile; fileRef = 813A82EC2A61F77B0023066F /* Sports.json */; };
		813A83032A61F77B0023066F /* Computers.json in Resources */ = {isa = PBXBuildFile; fileRef = 813A82ED2A61F77B0023066F /* Computers.json */; };
		813A83042A61F77B0023066F /* Foods.json in Resources */ = {isa = PBXBuildFile; fileRef = 813A82EE2A61F77B0023066F /* Foods.json */; };
		813A83052A61F77B0023066F /* Brands.json in Resources */ = {isa = PBXBuildFile; fileRef = 813A82EF2A61F77B0023066F /* Brands.json */; };
		813A83062A61F77B0023066F /* Pokemon.json in Resources */ = {isa = PBXBuildFile; fileRef = 813A82F02A61F77B0023066F /* Pokemon.json */; };
		813A83072A61F77B0023066F /* People.json in Resources */ = {isa = PBXBuildFile; fileRef = 813A82F12A61F77B0023066F /* People.json */; };
		813A83082A61F77B0023066F /* School.json in Resources */ = {isa = PBXBuildFile; fileRef = 813A82F22A61F77B0023066F /* School.json */; };
		813A83092A61F77B0023066F /* Celebrities.json in Resources */ = {isa = PBXBuildFile; fileRef = 813A82F32A61F77B0023066F /* Celebrities.json */; };
		813A830A2A61F77B0023066F /* Manga.json in Resources */ = {isa = PBXBuildFile; fileRef = 813A82F42A61F77B0023066F /* Manga.json */; };
		813A830B2A61F77B0023066F /* Science.json in Resources */ = {isa = PBXBuildFile; fileRef = 813A82F52A61F77B0023066F /* Science.json */; };
		81554DC12A72F60B00D75B23 /* dictionary.txt in Resources */ = {isa = PBXBuildFile; fileRef = 81554DC02A72F60B00D75B23 /* dictionary.txt */; };
		81554DC32A72F69000D75B23 /* Dictionary.swift in Sources */ = {isa = PBXBuildFile; fileRef = 81554DC22A72F69000D75B23 /* Dictionary.swift */; };
		81554DC52A74038700D75B23 /* String-Scoring.swift in Sources */ = {isa = PBXBuildFile; fileRef = 81554DC42A74038700D75B23 /* String-Scoring.swift */; };
		81554DC72A7403EC00D75B23 /* PlayerResultsView.swift in Sources */ = {isa = PBXBuildFile; fileRef = 81554DC62A7403EC00D75B23 /* PlayerResultsView.swift */; };
		81554DC92A74048100D75B23 /* ResultsView.swift in Sources */ = {isa = PBXBuildFile; fileRef = 81554DC82A74048000D75B23 /* ResultsView.swift */; };
		81C456762A7944C000CAC39A /* QuickSpellView.swift in Sources */ = {isa = PBXBuildFile; fileRef = 81C456752A7944C000CAC39A /* QuickSpellView.swift */; };
		81C456782A79457100CAC39A /* QSLetter.swift in Sources */ = {isa = PBXBuildFile; fileRef = 81C456772A79457100CAC39A /* QSLetter.swift */; };
		81C4567D2A79496800CAC39A /* QSLetterView.swift in Sources */ = {isa = PBXBuildFile; fileRef = 81C4567C2A79496800CAC39A /* QSLetterView.swift */; };
		81C4567F2A796D6100CAC39A /* AnimatingNumView.swift in Sources */ = {isa = PBXBuildFile; fileRef = 81C4567E2A796D6100CAC39A /* AnimatingNumView.swift */; };
		81E0BE122A58ACBB00406472 /* WordGamesApp.swift in Sources */ = {isa = PBXBuildFile; fileRef = 81E0BE112A58ACBB00406472 /* WordGamesApp.swift */; };
		81E0BE142A58ACBB00406472 /* ContentView.swift in Sources */ = {isa = PBXBuildFile; fileRef = 81E0BE132A58ACBB00406472 /* ContentView.swift */; };
		81E0BE162A58ACBC00406472 /* Assets.xcassets in Resources */ = {isa = PBXBuildFile; fileRef = 81E0BE152A58ACBC00406472 /* Assets.xcassets */; };
		81E0BE192A58ACBC00406472 /* Preview Assets.xcassets in Resources */ = {isa = PBXBuildFile; fileRef = 81E0BE182A58ACBC00406472 /* Preview Assets.xcassets */; };
		81E0BE202A58AD3600406472 /* WordScrambleView.swift in Sources */ = {isa = PBXBuildFile; fileRef = 81E0BE1F2A58AD3600406472 /* WordScrambleView.swift */; };
		81E0BE232A5A04EB00406472 /* start.txt in Resources */ = {isa = PBXBuildFile; fileRef = 81E0BE222A5A04EB00406472 /* start.txt */; };
/* End PBXBuildFile section */

/* Begin PBXFileReference section */
		812743B42A68932B008484A2 /* LetterGridView.swift */ = {isa = PBXFileReference; lastKnownFileType = sourcecode.swift; path = LetterGridView.swift; sourceTree = "<group>"; };
		812743B92A689430008484A2 /* LetterView.swift */ = {isa = PBXFileReference; lastKnownFileType = sourcecode.swift; path = LetterView.swift; sourceTree = "<group>"; };
		812743BB2A689583008484A2 /* WS-ViewModifier-Fonts.swift */ = {isa = PBXFileReference; lastKnownFileType = sourcecode.swift; path = "WS-ViewModifier-Fonts.swift"; sourceTree = "<group>"; };
		812743BD2A689A20008484A2 /* BoggleView.swift */ = {isa = PBXFileReference; lastKnownFileType = sourcecode.swift; path = BoggleView.swift; sourceTree = "<group>"; };
		812743BF2A689AC8008484A2 /* Player.swift */ = {isa = PBXFileReference; lastKnownFileType = sourcecode.swift; path = Player.swift; sourceTree = "<group>"; };
		812743C12A689CE8008484A2 /* GameBrain.swift */ = {isa = PBXFileReference; lastKnownFileType = sourcecode.swift; path = GameBrain.swift; sourceTree = "<group>"; };
		8130686A2A66E12C002E6495 /* Category.swift */ = {isa = PBXFileReference; lastKnownFileType = sourcecode.swift; path = Category.swift; sourceTree = "<group>"; };
		8130686D2A66E349002E6495 /* Word.swift */ = {isa = PBXFileReference; lastKnownFileType = sourcecode.swift; path = Word.swift; sourceTree = "<group>"; };
		8130686F2A66E69E002E6495 /* Answer.swift */ = {isa = PBXFileReference; lastKnownFileType = sourcecode.swift; path = Answer.swift; sourceTree = "<group>"; };
		813068712A66E73E002E6495 /* Segment.swift */ = {isa = PBXFileReference; lastKnownFileType = sourcecode.swift; path = Segment.swift; sourceTree = "<group>"; };
		813068742A66E8B2002E6495 /* LevelViewModel.swift */ = {isa = PBXFileReference; lastKnownFileType = sourcecode.swift; path = LevelViewModel.swift; sourceTree = "<group>"; };
		813068772A66F609002E6495 /* Monoton-Regular.ttf */ = {isa = PBXFileReference; lastKnownFileType = file; path = "Monoton-Regular.ttf"; sourceTree = "<group>"; };
		8130687A2A66F64D002E6495 /* Info.plist */ = {isa = PBXFileReference; lastKnownFileType = text.plist; path = Info.plist; sourceTree = "<group>"; };
		8130687D2A6711C9002E6495 /* SwiftyWordsView.swift */ = {isa = PBXFileReference; lastKnownFileType = sourcecode.swift; path = SwiftyWordsView.swift; sourceTree = "<group>"; };
		8130687F2A67184F002E6495 /* SegmentView.swift */ = {isa = PBXFileReference; lastKnownFileType = sourcecode.swift; path = SegmentView.swift; sourceTree = "<group>"; };
		813068812A671A34002E6495 /* SwiftyGuessText.swift */ = {isa = PBXFileReference; lastKnownFileType = sourcecode.swift; path = SwiftyGuessText.swift; sourceTree = "<group>"; };
		813068832A671C88002E6495 /* LevelsView.swift */ = {isa = PBXFileReference; lastKnownFileType = sourcecode.swift; path = LevelsView.swift; sourceTree = "<group>"; };
		813068862A671E3C002E6495 /* CategoriesView.swift */ = {isa = PBXFileReference; lastKnownFileType = sourcecode.swift; path = CategoriesView.swift; sourceTree = "<group>"; };
		813A82DF2A61F77B0023066F /* Bundle-Decodable.swift */ = {isa = PBXFileReference; fileEncoding = 4; lastKnownFileType = sourcecode.swift; path = "Bundle-Decodable.swift"; sourceTree = "<group>"; };
		813A82E12A61F77B0023066F /* Categories.json */ = {isa = PBXFileReference; fileEncoding = 4; lastKnownFileType = text.json; path = Categories.json; sourceTree = "<group>"; };
		813A82E22A61F77B0023066F /* Music.json */ = {isa = PBXFileReference; fileEncoding = 4; lastKnownFileType = text.json; path = Music.json; sourceTree = "<group>"; };
		813A82E32A61F77B0023066F /* Hobbies.json */ = {isa = PBXFileReference; fileEncoding = 4; lastKnownFileType = text.json; path = Hobbies.json; sourceTree = "<group>"; };
		813A82E42A61F77B0023066F /* Plants.json */ = {isa = PBXFileReference; fileEncoding = 4; lastKnownFileType = text.json; path = Plants.json; sourceTree = "<group>"; };
		813A82E52A61F77B0023066F /* VideoGames.json */ = {isa = PBXFileReference; fileEncoding = 4; lastKnownFileType = text.json; path = VideoGames.json; sourceTree = "<group>"; };
		813A82E62A61F77B0023066F /* Places.json */ = {isa = PBXFileReference; fileEncoding = 4; lastKnownFileType = text.json; path = Places.json; sourceTree = "<group>"; };
		813A82E72A61F77B0023066F /* Random.json */ = {isa = PBXFileReference; fileEncoding = 4; lastKnownFileType = text.json; path = Random.json; sourceTree = "<group>"; };
		813A82E82A61F77B0023066F /* SciFiFantasy.json */ = {isa = PBXFileReference; fileEncoding = 4; lastKnownFileType = text.json; path = SciFiFantasy.json; sourceTree = "<group>"; };
		813A82E92A61F77B0023066F /* Weather.json */ = {isa = PBXFileReference; fileEncoding = 4; lastKnownFileType = text.json; path = Weather.json; sourceTree = "<group>"; };
		813A82EA2A61F77B0023066F /* Animals.json */ = {isa = PBXFileReference; fileEncoding = 4; lastKnownFileType = text.json; path = Animals.json; sourceTree = "<group>"; };
		813A82EB2A61F77B0023066F /* MoviesAndTV.json */ = {isa = PBXFileReference; fileEncoding = 4; lastKnownFileType = text.json; path = MoviesAndTV.json; sourceTree = "<group>"; };
		813A82EC2A61F77B0023066F /* Sports.json */ = {isa = PBXFileReference; fileEncoding = 4; lastKnownFileType = text.json; path = Sports.json; sourceTree = "<group>"; };
		813A82ED2A61F77B0023066F /* Computers.json */ = {isa = PBXFileReference; fileEncoding = 4; lastKnownFileType = text.json; path = Computers.json; sourceTree = "<group>"; };
		813A82EE2A61F77B0023066F /* Foods.json */ = {isa = PBXFileReference; fileEncoding = 4; lastKnownFileType = text.json; path = Foods.json; sourceTree = "<group>"; };
		813A82EF2A61F77B0023066F /* Brands.json */ = {isa = PBXFileReference; fileEncoding = 4; lastKnownFileType = text.json; path = Brands.json; sourceTree = "<group>"; };
		813A82F02A61F77B0023066F /* Pokemon.json */ = {isa = PBXFileReference; fileEncoding = 4; lastKnownFileType = text.json; path = Pokemon.json; sourceTree = "<group>"; };
		813A82F12A61F77B0023066F /* People.json */ = {isa = PBXFileReference; fileEncoding = 4; lastKnownFileType = text.json; path = People.json; sourceTree = "<group>"; };
		813A82F22A61F77B0023066F /* School.json */ = {isa = PBXFileReference; fileEncoding = 4; lastKnownFileType = text.json; path = School.json; sourceTree = "<group>"; };
		813A82F32A61F77B0023066F /* Celebrities.json */ = {isa = PBXFileReference; fileEncoding = 4; lastKnownFileType = text.json; path = Celebrities.json; sourceTree = "<group>"; };
		813A82F42A61F77B0023066F /* Manga.json */ = {isa = PBXFileReference; fileEncoding = 4; lastKnownFileType = text.json; path = Manga.json; sourceTree = "<group>"; };
		813A82F52A61F77B0023066F /* Science.json */ = {isa = PBXFileReference; fileEncoding = 4; lastKnownFileType = text.json; path = Science.json; sourceTree = "<group>"; };
		81554DC02A72F60B00D75B23 /* dictionary.txt */ = {isa = PBXFileReference; fileEncoding = 4; lastKnownFileType = text; path = dictionary.txt; sourceTree = "<group>"; };
		81554DC22A72F69000D75B23 /* Dictionary.swift */ = {isa = PBXFileReference; lastKnownFileType = sourcecode.swift; path = Dictionary.swift; sourceTree = "<group>"; };
		81554DC42A74038700D75B23 /* String-Scoring.swift */ = {isa = PBXFileReference; lastKnownFileType = sourcecode.swift; path = "String-Scoring.swift"; sourceTree = "<group>"; };
		81554DC62A7403EC00D75B23 /* PlayerResultsView.swift */ = {isa = PBXFileReference; lastKnownFileType = sourcecode.swift; path = PlayerResultsView.swift; sourceTree = "<group>"; };
		81554DC82A74048000D75B23 /* ResultsView.swift */ = {isa = PBXFileReference; lastKnownFileType = sourcecode.swift; path = ResultsView.swift; sourceTree = "<group>"; };
		81C456752A7944C000CAC39A /* QuickSpellView.swift */ = {isa = PBXFileReference; lastKnownFileType = sourcecode.swift; path = QuickSpellView.swift; sourceTree = "<group>"; };
		81C456772A79457100CAC39A /* QSLetter.swift */ = {isa = PBXFileReference; lastKnownFileType = sourcecode.swift; path = QSLetter.swift; sourceTree = "<group>"; };
		81C4567C2A79496800CAC39A /* QSLetterView.swift */ = {isa = PBXFileReference; lastKnownFileType = sourcecode.swift; path = QSLetterView.swift; sourceTree = "<group>"; };
		81C4567E2A796D6100CAC39A /* AnimatingNumView.swift */ = {isa = PBXFileReference; lastKnownFileType = sourcecode.swift; path = AnimatingNumView.swift; sourceTree = "<group>"; };
		81E0BE0E2A58ACBB00406472 /* WordGames.app */ = {isa = PBXFileReference; explicitFileType = wrapper.application; includeInIndex = 0; path = WordGames.app; sourceTree = BUILT_PRODUCTS_DIR; };
		81E0BE112A58ACBB00406472 /* WordGamesApp.swift */ = {isa = PBXFileReference; lastKnownFileType = sourcecode.swift; path = WordGamesApp.swift; sourceTree = "<group>"; };
		81E0BE132A58ACBB00406472 /* ContentView.swift */ = {isa = PBXFileReference; lastKnownFileType = sourcecode.swift; path = ContentView.swift; sourceTree = "<group>"; };
		81E0BE152A58ACBC00406472 /* Assets.xcassets */ = {isa = PBXFileReference; lastKnownFileType = folder.assetcatalog; path = Assets.xcassets; sourceTree = "<group>"; };
		81E0BE182A58ACBC00406472 /* Preview Assets.xcassets */ = {isa = PBXFileReference; lastKnownFileType = folder.assetcatalog; path = "Preview Assets.xcassets"; sourceTree = "<group>"; };
		81E0BE1F2A58AD3600406472 /* WordScrambleView.swift */ = {isa = PBXFileReference; lastKnownFileType = sourcecode.swift; path = WordScrambleView.swift; sourceTree = "<group>"; };
		81E0BE222A5A04EB00406472 /* start.txt */ = {isa = PBXFileReference; fileEncoding = 4; lastKnownFileType = text; path = start.txt; sourceTree = "<group>"; };
/* End PBXFileReference section */

/* Begin PBXFrameworksBuildPhase section */
		81E0BE0B2A58ACBB00406472 /* Frameworks */ = {
			isa = PBXFrameworksBuildPhase;
			buildActionMask = 2147483647;
			files = (
			);
			runOnlyForDeploymentPostprocessing = 0;
		};
/* End PBXFrameworksBuildPhase section */

/* Begin PBXGroup section */
		812743B82A689401008484A2 /* Boggle */ = {
			isa = PBXGroup;
			children = (
				81554DC82A74048000D75B23 /* ResultsView.swift */,
				812743B92A689430008484A2 /* LetterView.swift */,
				812743B42A68932B008484A2 /* LetterGridView.swift */,
				812743BF2A689AC8008484A2 /* Player.swift */,
				812743C12A689CE8008484A2 /* GameBrain.swift */,
				81554DC42A74038700D75B23 /* String-Scoring.swift */,
				81554DC62A7403EC00D75B23 /* PlayerResultsView.swift */,
				812743BD2A689A20008484A2 /* BoggleView.swift */,
			);
			path = Boggle;
			sourceTree = "<group>";
		};
		8130686C2A66E133002E6495 /* DataTypes */ = {
			isa = PBXGroup;
			children = (
				8130686A2A66E12C002E6495 /* Category.swift */,
				8130686F2A66E69E002E6495 /* Answer.swift */,
				813068712A66E73E002E6495 /* Segment.swift */,
				8130686D2A66E349002E6495 /* Word.swift */,
			);
			path = DataTypes;
			sourceTree = "<group>";
		};
		813068732A66E808002E6495 /* Extensions */ = {
			isa = PBXGroup;
			children = (
				813A82DF2A61F77B0023066F /* Bundle-Decodable.swift */,
			);
			path = Extensions;
			sourceTree = "<group>";
		};
		813068762A66E8B8002E6495 /* ViewModel */ = {
			isa = PBXGroup;
			children = (
				813068742A66E8B2002E6495 /* LevelViewModel.swift */,
			);
			path = ViewModel;
			sourceTree = "<group>";
		};
		813068792A66F60C002E6495 /* Fonts */ = {
			isa = PBXGroup;
			children = (
				813068772A66F609002E6495 /* Monoton-Regular.ttf */,
			);
			path = Fonts;
			sourceTree = "<group>";
		};
		8130687B2A66F6CE002E6495 /* Swifty Words */ = {
			isa = PBXGroup;
			children = (
				813A82E02A61F77B0023066F /* JSON */,
				8130686C2A66E133002E6495 /* DataTypes */,
				813068762A66E8B8002E6495 /* ViewModel */,
				81554DD32A748B1E00D75B23 /* Views */,
				813068852A671D7E002E6495 /* Components */,
			);
			path = "Swifty Words";
			sourceTree = "<group>";
		};
		8130687C2A66F6F2002E6495 /* Word Scramble */ = {
			isa = PBXGroup;
			children = (
				81E0BE222A5A04EB00406472 /* start.txt */,
				81E0BE1F2A58AD3600406472 /* WordScrambleView.swift */,
				812743BB2A689583008484A2 /* WS-ViewModifier-Fonts.swift */,
			);
			path = "Word Scramble";
			sourceTree = "<group>";
		};
		813068852A671D7E002E6495 /* Components */ = {
			isa = PBXGroup;
			children = (
				813068812A671A34002E6495 /* SwiftyGuessText.swift */,
				8130687F2A67184F002E6495 /* SegmentView.swift */,
			);
			path = Components;
			sourceTree = "<group>";
		};
		813A82E02A61F77B0023066F /* JSON */ = {
			isa = PBXGroup;
			children = (
				813A82E12A61F77B0023066F /* Categories.json */,
				813A82E22A61F77B0023066F /* Music.json */,
				813A82E32A61F77B0023066F /* Hobbies.json */,
				813A82E42A61F77B0023066F /* Plants.json */,
				813A82E52A61F77B0023066F /* VideoGames.json */,
				813A82E62A61F77B0023066F /* Places.json */,
				813A82E72A61F77B0023066F /* Random.json */,
				813A82E82A61F77B0023066F /* SciFiFantasy.json */,
				813A82E92A61F77B0023066F /* Weather.json */,
				813A82EA2A61F77B0023066F /* Animals.json */,
				813A82EB2A61F77B0023066F /* MoviesAndTV.json */,
				813A82EC2A61F77B0023066F /* Sports.json */,
				813A82ED2A61F77B0023066F /* Computers.json */,
				813A82EE2A61F77B0023066F /* Foods.json */,
				813A82EF2A61F77B0023066F /* Brands.json */,
				813A82F02A61F77B0023066F /* Pokemon.json */,
				813A82F12A61F77B0023066F /* People.json */,
				813A82F22A61F77B0023066F /* School.json */,
				813A82F32A61F77B0023066F /* Celebrities.json */,
				813A82F42A61F77B0023066F /* Manga.json */,
				813A82F52A61F77B0023066F /* Science.json */,
			);
			path = JSON;
			sourceTree = "<group>";
		};
		81554DD32A748B1E00D75B23 /* Views */ = {
			isa = PBXGroup;
			children = (
				8130687D2A6711C9002E6495 /* SwiftyWordsView.swift */,
				813068862A671E3C002E6495 /* CategoriesView.swift */,
				813068832A671C88002E6495 /* LevelsView.swift */,
			);
			path = Views;
			sourceTree = "<group>";
		};
		81C456792A79472100CAC39A /* QuickSpell */ = {
			isa = PBXGroup;
			children = (
				81C4567E2A796D6100CAC39A /* AnimatingNumView.swift */,
				81C456752A7944C000CAC39A /* QuickSpellView.swift */,
				81C4567C2A79496800CAC39A /* QSLetterView.swift */,
				81C456772A79457100CAC39A /* QSLetter.swift */,
			);
			path = QuickSpell;
			sourceTree = "<group>";
		};
		81C456802A79730900CAC39A /* Dictionary */ = {
			isa = PBXGroup;
			children = (
				81554DC02A72F60B00D75B23 /* dictionary.txt */,
				81554DC22A72F69000D75B23 /* Dictionary.swift */,
			);
			path = Dictionary;
			sourceTree = "<group>";
		};
		81E0BE052A58ACBB00406472 = {
			isa = PBXGroup;
			children = (
				81E0BE102A58ACBB00406472 /* WordGames */,
				81E0BE0F2A58ACBB00406472 /* Products */,
			);
			sourceTree = "<group>";
		};
		81E0BE0F2A58ACBB00406472 /* Products */ = {
			isa = PBXGroup;
			children = (
				81E0BE0E2A58ACBB00406472 /* WordGames.app */,
			);
			name = Products;
			sourceTree = "<group>";
		};
		81E0BE102A58ACBB00406472 /* WordGames */ = {
			isa = PBXGroup;
			children = (
				81E0BE152A58ACBC00406472 /* Assets.xcassets */,
				8130687A2A66F64D002E6495 /* Info.plist */,
				81E0BE112A58ACBB00406472 /* WordGamesApp.swift */,
				81E0BE132A58ACBB00406472 /* ContentView.swift */,
				81C456792A79472100CAC39A /* QuickSpell */,
				81C456802A79730900CAC39A /* Dictionary */,
				812743B82A689401008484A2 /* Boggle */,
				813068732A66E808002E6495 /* Extensions */,
				813068792A66F60C002E6495 /* Fonts */,
				81E0BE172A58ACBC00406472 /* Preview Content */,
				8130687C2A66F6F2002E6495 /* Word Scramble */,
				8130687B2A66F6CE002E6495 /* Swifty Words */,
			);
			path = WordGames;
			sourceTree = "<group>";
		};
		81E0BE172A58ACBC00406472 /* Preview Content */ = {
			isa = PBXGroup;
			children = (
				81E0BE182A58ACBC00406472 /* Preview Assets.xcassets */,
			);
			path = "Preview Content";
			sourceTree = "<group>";
		};
/* End PBXGroup section */

/* Begin PBXNativeTarget section */
		81E0BE0D2A58ACBB00406472 /* WordGames */ = {
			isa = PBXNativeTarget;
			buildConfigurationList = 81E0BE1C2A58ACBC00406472 /* Build configuration list for PBXNativeTarget "WordGames" */;
			buildPhases = (
				81E0BE0A2A58ACBB00406472 /* Sources */,
				81E0BE0B2A58ACBB00406472 /* Frameworks */,
				81E0BE0C2A58ACBB00406472 /* Resources */,
				81E0BE212A59F7F200406472 /* SwiftLint */,
			);
			buildRules = (
			);
			dependencies = (
			);
			name = WordGames;
			productName = WordGames;
			productReference = 81E0BE0E2A58ACBB00406472 /* WordGames.app */;
			productType = "com.apple.product-type.application";
		};
/* End PBXNativeTarget section */

/* Begin PBXProject section */
		81E0BE062A58ACBB00406472 /* Project object */ = {
			isa = PBXProject;
			attributes = {
				BuildIndependentTargetsInParallel = 1;
				LastSwiftUpdateCheck = 1430;
				LastUpgradeCheck = 1430;
				TargetAttributes = {
					81E0BE0D2A58ACBB00406472 = {
						CreatedOnToolsVersion = 14.3.1;
					};
				};
			};
			buildConfigurationList = 81E0BE092A58ACBB00406472 /* Build configuration list for PBXProject "WordGames" */;
			compatibilityVersion = "Xcode 14.0";
			developmentRegion = en;
			hasScannedForEncodings = 0;
			knownRegions = (
				en,
				Base,
			);
			mainGroup = 81E0BE052A58ACBB00406472;
			productRefGroup = 81E0BE0F2A58ACBB00406472 /* Products */;
			projectDirPath = "";
			projectRoot = "";
			targets = (
				81E0BE0D2A58ACBB00406472 /* WordGames */,
			);
		};
/* End PBXProject section */

/* Begin PBXResourcesBuildPhase section */
		81E0BE0C2A58ACBB00406472 /* Resources */ = {
			isa = PBXResourcesBuildPhase;
			buildActionMask = 2147483647;
			files = (
				81554DC12A72F60B00D75B23 /* dictionary.txt in Resources */,
				813A82FE2A61F77B0023066F /* SciFiFantasy.json in Resources */,
				813A83042A61F77B0023066F /* Foods.json in Resources */,
				813A83082A61F77B0023066F /* School.json in Resources */,
				813A830A2A61F77B0023066F /* Manga.json in Resources */,
				813A82FC2A61F77B0023066F /* Places.json in Resources */,
				81E0BE192A58ACBC00406472 /* Preview Assets.xcassets in Resources */,
				813A82F72A61F77B0023066F /* Categories.json in Resources */,
				813A82FF2A61F77B0023066F /* Weather.json in Resources */,
				813A82F82A61F77B0023066F /* Music.json in Resources */,
				813A83062A61F77B0023066F /* Pokemon.json in Resources */,
				813A83012A61F77B0023066F /* MoviesAndTV.json in Resources */,
				813A82FD2A61F77B0023066F /* Random.json in Resources */,
				813A83032A61F77B0023066F /* Computers.json in Resources */,
				813A82FB2A61F77B0023066F /* VideoGames.json in Resources */,
				813A83092A61F77B0023066F /* Celebrities.json in Resources */,
				813A83072A61F77B0023066F /* People.json in Resources */,
				813068782A66F609002E6495 /* Monoton-Regular.ttf in Resources */,
				81E0BE232A5A04EB00406472 /* start.txt in Resources */,
				813A82FA2A61F77B0023066F /* Plants.json in Resources */,
				813A83052A61F77B0023066F /* Brands.json in Resources */,
				813A83002A61F77B0023066F /* Animals.json in Resources */,
				813A82F92A61F77B0023066F /* Hobbies.json in Resources */,
				813A83022A61F77B0023066F /* Sports.json in Resources */,
				813A830B2A61F77B0023066F /* Science.json in Resources */,
				81E0BE162A58ACBC00406472 /* Assets.xcassets in Resources */,
			);
			runOnlyForDeploymentPostprocessing = 0;
		};
/* End PBXResourcesBuildPhase section */

/* Begin PBXShellScriptBuildPhase section */
		81E0BE212A59F7F200406472 /* SwiftLint */ = {
			isa = PBXShellScriptBuildPhase;
			alwaysOutOfDate = 1;
			buildActionMask = 2147483647;
			files = (
			);
			inputFileListPaths = (
			);
			inputPaths = (
			);
			name = SwiftLint;
			outputFileListPaths = (
			);
			outputPaths = (
			);
			runOnlyForDeploymentPostprocessing = 0;
			shellPath = /bin/sh;
			shellScript = "if [[ \"$(uname -m)\" == arm64 ]]; then\n    export PATH=\"/opt/homebrew/bin:$PATH\"\nfi\n\nif which swiftlint > /dev/null; then\n  swiftlint\nelse\n  echo \"warning: SwiftLint not installed, download from https://github.com/realm/SwiftLint\"\nfi\n";
		};
/* End PBXShellScriptBuildPhase section */

/* Begin PBXSourcesBuildPhase section */
		81E0BE0A2A58ACBB00406472 /* Sources */ = {
			isa = PBXSourcesBuildPhase;
			buildActionMask = 2147483647;
			files = (
				8130687E2A6711C9002E6495 /* SwiftyWordsView.swift in Sources */,
				81554DC92A74048100D75B23 /* ResultsView.swift in Sources */,
				81E0BE142A58ACBB00406472 /* ContentView.swift in Sources */,
				812743BE2A689A20008484A2 /* BoggleView.swift in Sources */,
				813068822A671A34002E6495 /* SwiftyGuessText.swift in Sources */,
				8130686B2A66E12C002E6495 /* Category.swift in Sources */,
				813068802A67184F002E6495 /* SegmentView.swift in Sources */,
				81E0BE122A58ACBB00406472 /* WordGamesApp.swift in Sources */,
				812743BA2A689430008484A2 /* LetterView.swift in Sources */,
				813068842A671C88002E6495 /* LevelsView.swift in Sources */,
				81554DC72A7403EC00D75B23 /* PlayerResultsView.swift in Sources */,
				81C456762A7944C000CAC39A /* QuickSpellView.swift in Sources */,
				813068752A66E8B2002E6495 /* LevelViewModel.swift in Sources */,
				812743B52A68932B008484A2 /* LetterGridView.swift in Sources */,
				81554DC32A72F69000D75B23 /* Dictionary.swift in Sources */,
				81C456782A79457100CAC39A /* QSLetter.swift in Sources */,
				81C4567F2A796D6100CAC39A /* AnimatingNumView.swift in Sources */,
				813068872A671E3C002E6495 /* CategoriesView.swift in Sources */,
				813068722A66E73E002E6495 /* Segment.swift in Sources */,
				81554DC52A74038700D75B23 /* String-Scoring.swift in Sources */,
				81C4567D2A79496800CAC39A /* QSLetterView.swift in Sources */,
				813068702A66E69E002E6495 /* Answer.swift in Sources */,
				81E0BE202A58AD3600406472 /* WordScrambleView.swift in Sources */,
				813A82F62A61F77B0023066F /* Bundle-Decodable.swift in Sources */,
				812743C22A689CE8008484A2 /* GameBrain.swift in Sources */,
				812743C02A689AC8008484A2 /* Player.swift in Sources */,
				812743BC2A689583008484A2 /* WS-ViewModifier-Fonts.swift in Sources */,
				8130686E2A66E349002E6495 /* Word.swift in Sources */,
			);
			runOnlyForDeploymentPostprocessing = 0;
		};
/* End PBXSourcesBuildPhase section */

/* Begin XCBuildConfiguration section */
		81E0BE1A2A58ACBC00406472 /* Debug */ = {
			isa = XCBuildConfiguration;
			buildSettings = {
				ALWAYS_SEARCH_USER_PATHS = NO;
				CLANG_ANALYZER_NONNULL = YES;
				CLANG_ANALYZER_NUMBER_OBJECT_CONVERSION = YES_AGGRESSIVE;
				CLANG_CXX_LANGUAGE_STANDARD = "gnu++20";
				CLANG_ENABLE_MODULES = YES;
				CLANG_ENABLE_OBJC_ARC = YES;
				CLANG_ENABLE_OBJC_WEAK = YES;
				CLANG_WARN_BLOCK_CAPTURE_AUTORELEASING = YES;
				CLANG_WARN_BOOL_CONVERSION = YES;
				CLANG_WARN_COMMA = YES;
				CLANG_WARN_CONSTANT_CONVERSION = YES;
				CLANG_WARN_DEPRECATED_OBJC_IMPLEMENTATIONS = YES;
				CLANG_WARN_DIRECT_OBJC_ISA_USAGE = YES_ERROR;
				CLANG_WARN_DOCUMENTATION_COMMENTS = YES;
				CLANG_WARN_EMPTY_BODY = YES;
				CLANG_WARN_ENUM_CONVERSION = YES;
				CLANG_WARN_INFINITE_RECURSION = YES;
				CLANG_WARN_INT_CONVERSION = YES;
				CLANG_WARN_NON_LITERAL_NULL_CONVERSION = YES;
				CLANG_WARN_OBJC_IMPLICIT_RETAIN_SELF = YES;
				CLANG_WARN_OBJC_LITERAL_CONVERSION = YES;
				CLANG_WARN_OBJC_ROOT_CLASS = YES_ERROR;
				CLANG_WARN_QUOTED_INCLUDE_IN_FRAMEWORK_HEADER = YES;
				CLANG_WARN_RANGE_LOOP_ANALYSIS = YES;
				CLANG_WARN_STRICT_PROTOTYPES = YES;
				CLANG_WARN_SUSPICIOUS_MOVE = YES;
				CLANG_WARN_UNGUARDED_AVAILABILITY = YES_AGGRESSIVE;
				CLANG_WARN_UNREACHABLE_CODE = YES;
				CLANG_WARN__DUPLICATE_METHOD_MATCH = YES;
				COPY_PHASE_STRIP = NO;
				DEBUG_INFORMATION_FORMAT = dwarf;
				ENABLE_STRICT_OBJC_MSGSEND = YES;
				ENABLE_TESTABILITY = YES;
				GCC_C_LANGUAGE_STANDARD = gnu11;
				GCC_DYNAMIC_NO_PIC = NO;
				GCC_NO_COMMON_BLOCKS = YES;
				GCC_OPTIMIZATION_LEVEL = 0;
				GCC_PREPROCESSOR_DEFINITIONS = (
					"DEBUG=1",
					"$(inherited)",
				);
				GCC_WARN_64_TO_32_BIT_CONVERSION = YES;
				GCC_WARN_ABOUT_RETURN_TYPE = YES_ERROR;
				GCC_WARN_UNDECLARED_SELECTOR = YES;
				GCC_WARN_UNINITIALIZED_AUTOS = YES_AGGRESSIVE;
				GCC_WARN_UNUSED_FUNCTION = YES;
				GCC_WARN_UNUSED_VARIABLE = YES;
				IPHONEOS_DEPLOYMENT_TARGET = 16.1;
				MTL_ENABLE_DEBUG_INFO = INCLUDE_SOURCE;
				MTL_FAST_MATH = YES;
				ONLY_ACTIVE_ARCH = YES;
				SDKROOT = iphoneos;
				SWIFT_ACTIVE_COMPILATION_CONDITIONS = DEBUG;
				SWIFT_OPTIMIZATION_LEVEL = "-Onone";
			};
			name = Debug;
		};
		81E0BE1B2A58ACBC00406472 /* Release */ = {
			isa = XCBuildConfiguration;
			buildSettings = {
				ALWAYS_SEARCH_USER_PATHS = NO;
				CLANG_ANALYZER_NONNULL = YES;
				CLANG_ANALYZER_NUMBER_OBJECT_CONVERSION = YES_AGGRESSIVE;
				CLANG_CXX_LANGUAGE_STANDARD = "gnu++20";
				CLANG_ENABLE_MODULES = YES;
				CLANG_ENABLE_OBJC_ARC = YES;
				CLANG_ENABLE_OBJC_WEAK = YES;
				CLANG_WARN_BLOCK_CAPTURE_AUTORELEASING = YES;
				CLANG_WARN_BOOL_CONVERSION = YES;
				CLANG_WARN_COMMA = YES;
				CLANG_WARN_CONSTANT_CONVERSION = YES;
				CLANG_WARN_DEPRECATED_OBJC_IMPLEMENTATIONS = YES;
				CLANG_WARN_DIRECT_OBJC_ISA_USAGE = YES_ERROR;
				CLANG_WARN_DOCUMENTATION_COMMENTS = YES;
				CLANG_WARN_EMPTY_BODY = YES;
				CLANG_WARN_ENUM_CONVERSION = YES;
				CLANG_WARN_INFINITE_RECURSION = YES;
				CLANG_WARN_INT_CONVERSION = YES;
				CLANG_WARN_NON_LITERAL_NULL_CONVERSION = YES;
				CLANG_WARN_OBJC_IMPLICIT_RETAIN_SELF = YES;
				CLANG_WARN_OBJC_LITERAL_CONVERSION = YES;
				CLANG_WARN_OBJC_ROOT_CLASS = YES_ERROR;
				CLANG_WARN_QUOTED_INCLUDE_IN_FRAMEWORK_HEADER = YES;
				CLANG_WARN_RANGE_LOOP_ANALYSIS = YES;
				CLANG_WARN_STRICT_PROTOTYPES = YES;
				CLANG_WARN_SUSPICIOUS_MOVE = YES;
				CLANG_WARN_UNGUARDED_AVAILABILITY = YES_AGGRESSIVE;
				CLANG_WARN_UNREACHABLE_CODE = YES;
				CLANG_WARN__DUPLICATE_METHOD_MATCH = YES;
				COPY_PHASE_STRIP = NO;
				DEBUG_INFORMATION_FORMAT = "dwarf-with-dsym";
				ENABLE_NS_ASSERTIONS = NO;
				ENABLE_STRICT_OBJC_MSGSEND = YES;
				GCC_C_LANGUAGE_STANDARD = gnu11;
				GCC_NO_COMMON_BLOCKS = YES;
				GCC_WARN_64_TO_32_BIT_CONVERSION = YES;
				GCC_WARN_ABOUT_RETURN_TYPE = YES_ERROR;
				GCC_WARN_UNDECLARED_SELECTOR = YES;
				GCC_WARN_UNINITIALIZED_AUTOS = YES_AGGRESSIVE;
				GCC_WARN_UNUSED_FUNCTION = YES;
				GCC_WARN_UNUSED_VARIABLE = YES;
				IPHONEOS_DEPLOYMENT_TARGET = 16.1;
				MTL_ENABLE_DEBUG_INFO = NO;
				MTL_FAST_MATH = YES;
				SDKROOT = iphoneos;
				SWIFT_COMPILATION_MODE = wholemodule;
				SWIFT_OPTIMIZATION_LEVEL = "-O";
				VALIDATE_PRODUCT = YES;
			};
			name = Release;
		};
		81E0BE1D2A58ACBC00406472 /* Debug */ = {
			isa = XCBuildConfiguration;
			buildSettings = {
				ASSETCATALOG_COMPILER_APPICON_NAME = AppIcon;
				ASSETCATALOG_COMPILER_GLOBAL_ACCENT_COLOR_NAME = AccentColor;
				CODE_SIGN_STYLE = Automatic;
				CURRENT_PROJECT_VERSION = 1;
				DEVELOPMENT_ASSET_PATHS = "\"WordGames/Preview Content\"";
				DEVELOPMENT_TEAM = HJ5KH98N5D;
				ENABLE_PREVIEWS = YES;
				GENERATE_INFOPLIST_FILE = YES;
				INFOPLIST_FILE = WordGames/Info.plist;
				INFOPLIST_KEY_UIApplicationSceneManifest_Generation = YES;
				INFOPLIST_KEY_UIApplicationSupportsIndirectInputEvents = YES;
				INFOPLIST_KEY_UILaunchScreen_Generation = YES;
				INFOPLIST_KEY_UISupportedInterfaceOrientations_iPad = "UIInterfaceOrientationPortrait UIInterfaceOrientationPortraitUpsideDown UIInterfaceOrientationLandscapeLeft UIInterfaceOrientationLandscapeRight";
				INFOPLIST_KEY_UISupportedInterfaceOrientations_iPhone = "UIInterfaceOrientationPortrait UIInterfaceOrientationLandscapeLeft UIInterfaceOrientationLandscapeRight";
				LD_RUNPATH_SEARCH_PATHS = (
					"$(inherited)",
					"@executable_path/Frameworks",
				);
				MARKETING_VERSION = 1.0;
				PRODUCT_BUNDLE_IDENTIFIER = FishPeopleApps.WordGames;
				PRODUCT_NAME = "$(TARGET_NAME)";
				SWIFT_EMIT_LOC_STRINGS = YES;
				SWIFT_VERSION = 5.0;
				TARGETED_DEVICE_FAMILY = "1,2";
			};
			name = Debug;
		};
		81E0BE1E2A58ACBC00406472 /* Release */ = {
			isa = XCBuildConfiguration;
			buildSettings = {
				ASSETCATALOG_COMPILER_APPICON_NAME = AppIcon;
				ASSETCATALOG_COMPILER_GLOBAL_ACCENT_COLOR_NAME = AccentColor;
				CODE_SIGN_STYLE = Automatic;
				CURRENT_PROJECT_VERSION = 1;
				DEVELOPMENT_ASSET_PATHS = "\"WordGames/Preview Content\"";
				DEVELOPMENT_TEAM = HJ5KH98N5D;
				ENABLE_PREVIEWS = YES;
				GENERATE_INFOPLIST_FILE = YES;
				INFOPLIST_FILE = WordGames/Info.plist;
				INFOPLIST_KEY_UIApplicationSceneManifest_Generation = YES;
				INFOPLIST_KEY_UIApplicationSupportsIndirectInputEvents = YES;
				INFOPLIST_KEY_UILaunchScreen_Generation = YES;
				INFOPLIST_KEY_UISupportedInterfaceOrientations_iPad = "UIInterfaceOrientationPortrait UIInterfaceOrientationPortraitUpsideDown UIInterfaceOrientationLandscapeLeft UIInterfaceOrientationLandscapeRight";
				INFOPLIST_KEY_UISupportedInterfaceOrientations_iPhone = "UIInterfaceOrientationPortrait UIInterfaceOrientationLandscapeLeft UIInterfaceOrientationLandscapeRight";
				LD_RUNPATH_SEARCH_PATHS = (
					"$(inherited)",
					"@executable_path/Frameworks",
				);
				MARKETING_VERSION = 1.0;
				PRODUCT_BUNDLE_IDENTIFIER = FishPeopleApps.WordGames;
				PRODUCT_NAME = "$(TARGET_NAME)";
				SWIFT_EMIT_LOC_STRINGS = YES;
				SWIFT_VERSION = 5.0;
				TARGETED_DEVICE_FAMILY = "1,2";
			};
			name = Release;
		};
/* End XCBuildConfiguration section */

/* Begin XCConfigurationList section */
		81E0BE092A58ACBB00406472 /* Build configuration list for PBXProject "WordGames" */ = {
			isa = XCConfigurationList;
			buildConfigurations = (
				81E0BE1A2A58ACBC00406472 /* Debug */,
				81E0BE1B2A58ACBC00406472 /* Release */,
			);
			defaultConfigurationIsVisible = 0;
			defaultConfigurationName = Release;
		};
		81E0BE1C2A58ACBC00406472 /* Build configuration list for PBXNativeTarget "WordGames" */ = {
			isa = XCConfigurationList;
			buildConfigurations = (
				81E0BE1D2A58ACBC00406472 /* Debug */,
				81E0BE1E2A58ACBC00406472 /* Release */,
			);
			defaultConfigurationIsVisible = 0;
			defaultConfigurationName = Release;
		};
/* End XCConfigurationList section */
	};
	rootObject = 81E0BE062A58ACBB00406472 /* Project object */;
}
